
Microsoft Visual Studio Solution File, Format Version 12.00
# Visual Studio Version 17
VisualStudioVersion = 17.4.33213.308
MinimumVisualStudioVersion = 10.0.40219.1
Project("{9A19103F-16F7-4668-BE54-9A1E7A4F7556}") = "TMPInterview", "TMPInterview\TMPInterview.csproj", "{F7ED212F-1315-4092-87FD-D2AE3F87FA65}"
EndProject
Project("{FAE04EC0-301F-11D3-BF4B-00C04F79EFBC}") = "TMPInterview.Test", "TMPInterview.Test\TMPInterview.Test.csproj", "{DCE11F6C-B563-4D74-9280-9C75CD218613}"
EndProject
Global
	GlobalSection(SolutionConfigurationPlatforms) = preSolution
		Debug|Any CPU = Debug|Any CPU
		Release|Any CPU = Release|Any CPU
	EndGlobalSection
	GlobalSection(ProjectConfigurationPlatforms) = postSolution
		{F7ED212F-1315-4092-87FD-D2AE3F87FA65}.Debug|Any CPU.ActiveCfg = Debug|Any CPU
		{F7ED212F-1315-4092-87FD-D2AE3F87FA65}.Debug|Any CPU.Build.0 = Debug|Any CPU
		{F7ED212F-1315-4092-87FD-D2AE3F87FA65}.Release|Any CPU.ActiveCfg = Release|Any CPU
		{F7ED212F-1315-4092-87FD-D2AE3F87FA65}.Release|Any CPU.Build.0 = Release|Any CPU
		{DCE11F6C-B563-4D74-9280-9C75CD218613}.Debug|Any CPU.ActiveCfg = Debug|Any CPU
		{DCE11F6C-B563-4D74-9280-9C75CD218613}.Debug|Any CPU.Build.0 = Debug|Any CPU
		{DCE11F6C-B563-4D74-9280-9C75CD218613}.Release|Any CPU.ActiveCfg = Release|Any CPU
		{DCE11F6C-B563-4D74-9280-9C75CD218613}.Release|Any CPU.Build.0 = Release|Any CPU
	EndGlobalSection
	GlobalSection(SolutionProperties) = preSolution
		HideSolutionNode = FALSE
	EndGlobalSection
	GlobalSection(ExtensibilityGlobals) = postSolution
		SolutionGuid = {46E5B923-8F11-421E-B394-B746D811F365}
	EndGlobalSection
EndGlobal
